// !$*UTF8*$!
{
	archiveVersion = 1;
	classes = {
	};
	objectVersion = 56;
	objects = {

/* Begin PBXBuildFile section */
		344666822C6189A800A2930A /* AppDelegate.swift in Sources */ = {isa = PBXBuildFile; fileRef = 344666812C6189A800A2930A /* AppDelegate.swift */; };
		344666842C6189A800A2930A /* SceneDelegate.swift in Sources */ = {isa = PBXBuildFile; fileRef = 344666832C6189A800A2930A /* SceneDelegate.swift */; };
		344666862C6189A800A2930A /* MainTabBarController.swift in Sources */ = {isa = PBXBuildFile; fileRef = 344666852C6189A800A2930A /* MainTabBarController.swift */; };
		3446668B2C6189AA00A2930A /* Assets.xcassets in Resources */ = {isa = PBXBuildFile; fileRef = 3446668A2C6189AA00A2930A /* Assets.xcassets */; };
		3446668E2C6189AA00A2930A /* Base in Resources */ = {isa = PBXBuildFile; fileRef = 3446668D2C6189AA00A2930A /* Base */; };
		344666972C6194B600A2930A /* Tela01VC.swift in Sources */ = {isa = PBXBuildFile; fileRef = 344666962C6194B600A2930A /* Tela01VC.swift */; };
		3446669A2C61951400A2930A /* Tela02VC.swift in Sources */ = {isa = PBXBuildFile; fileRef = 344666992C61951400A2930A /* Tela02VC.swift */; };
		3446669D2C61954300A2930A /* Tela03VC.swift in Sources */ = {isa = PBXBuildFile; fileRef = 3446669C2C61954300A2930A /* Tela03VC.swift */; };
		344666A12C61985C00A2930A /* Tela01Screen.swift in Sources */ = {isa = PBXBuildFile; fileRef = 344666A02C61985C00A2930A /* Tela01Screen.swift */; };
		344666A52C61A75900A2930A /* Tela02Screen.swift in Sources */ = {isa = PBXBuildFile; fileRef = 344666A42C61A75900A2930A /* Tela02Screen.swift */; };
		344666A72C61A7E200A2930A /* Tela03Screen.swift in Sources */ = {isa = PBXBuildFile; fileRef = 344666A62C61A7E200A2930A /* Tela03Screen.swift */; };
/* End PBXBuildFile section */

/* Begin PBXFileReference section */
		3446667E2C6189A800A2930A /* TabBarENotificationCenterViewCodeBootcamp.app */ = {isa = PBXFileReference; explicitFileType = wrapper.application; includeInIndex = 0; path = TabBarENotificationCenterViewCodeBootcamp.app; sourceTree = BUILT_PRODUCTS_DIR; };
		344666812C6189A800A2930A /* AppDelegate.swift */ = {isa = PBXFileReference; lastKnownFileType = sourcecode.swift; path = AppDelegate.swift; sourceTree = "<group>"; };
		344666832C6189A800A2930A /* SceneDelegate.swift */ = {isa = PBXFileReference; lastKnownFileType = sourcecode.swift; path = SceneDelegate.swift; sourceTree = "<group>"; };
		344666852C6189A800A2930A /* MainTabBarController.swift */ = {isa = PBXFileReference; lastKnownFileType = sourcecode.swift; path = MainTabBarController.swift; sourceTree = "<group>"; };
		3446668A2C6189AA00A2930A /* Assets.xcassets */ = {isa = PBXFileReference; lastKnownFileType = folder.assetcatalog; path = Assets.xcassets; sourceTree = "<group>"; };
		3446668D2C6189AA00A2930A /* Base */ = {isa = PBXFileReference; lastKnownFileType = file.storyboard; name = Base; path = Base.lproj/LaunchScreen.storyboard; sourceTree = "<group>"; };
		3446668F2C6189AA00A2930A /* Info.plist */ = {isa = PBXFileReference; lastKnownFileType = text.plist.xml; path = Info.plist; sourceTree = "<group>"; };
		344666962C6194B600A2930A /* Tela01VC.swift */ = {isa = PBXFileReference; lastKnownFileType = sourcecode.swift; path = Tela01VC.swift; sourceTree = "<group>"; };
		344666992C61951400A2930A /* Tela02VC.swift */ = {isa = PBXFileReference; lastKnownFileType = sourcecode.swift; path = Tela02VC.swift; sourceTree = "<group>"; };
		3446669C2C61954300A2930A /* Tela03VC.swift */ = {isa = PBXFileReference; lastKnownFileType = sourcecode.swift; path = Tela03VC.swift; sourceTree = "<group>"; };
		344666A02C61985C00A2930A /* Tela01Screen.swift */ = {isa = PBXFileReference; lastKnownFileType = sourcecode.swift; path = Tela01Screen.swift; sourceTree = "<group>"; };
		344666A42C61A75900A2930A /* Tela02Screen.swift */ = {isa = PBXFileReference; lastKnownFileType = sourcecode.swift; path = Tela02Screen.swift; sourceTree = "<group>"; };
		344666A62C61A7E200A2930A /* Tela03Screen.swift */ = {isa = PBXFileReference; lastKnownFileType = sourcecode.swift; path = Tela03Screen.swift; sourceTree = "<group>"; };
/* End PBXFileReference section */

/* Begin PBXFrameworksBuildPhase section */
		3446667B2C6189A800A2930A /* Frameworks */ = {
			isa = PBXFrameworksBuildPhase;
			buildActionMask = 2147483647;
			files = (
			);
			runOnlyForDeploymentPostprocessing = 0;
		};
/* End PBXFrameworksBuildPhase section */

/* Begin PBXGroup section */
		344666752C6189A800A2930A = {
			isa = PBXGroup;
			children = (
				344666802C6189A800A2930A /* TabBarENotificationCenterViewCodeBootcamp */,
				3446667F2C6189A800A2930A /* Products */,
			);
			sourceTree = "<group>";
		};
		3446667F2C6189A800A2930A /* Products */ = {
			isa = PBXGroup;
			children = (
				3446667E2C6189A800A2930A /* TabBarENotificationCenterViewCodeBootcamp.app */,
			);
			name = Products;
			sourceTree = "<group>";
		};
		344666802C6189A800A2930A /* TabBarENotificationCenterViewCodeBootcamp */ = {
			isa = PBXGroup;
			children = (
				3446669E2C61955500A2930A /* MainTabBarController */,
				3446669B2C61952F00A2930A /* Tela03 */,
				344666982C61950700A2930A /* Tela02 */,
				344666952C6194AA00A2930A /* Tela01 */,
				344666812C6189A800A2930A /* AppDelegate.swift */,
				344666832C6189A800A2930A /* SceneDelegate.swift */,
				3446668A2C6189AA00A2930A /* Assets.xcassets */,
				3446668C2C6189AA00A2930A /* LaunchScreen.storyboard */,
				3446668F2C6189AA00A2930A /* Info.plist */,
			);
			path = TabBarENotificationCenterViewCodeBootcamp;
			sourceTree = "<group>";
		};
		344666952C6194AA00A2930A /* Tela01 */ = {
			isa = PBXGroup;
			children = (
				3446669F2C61984E00A2930A /* Screen */,
				344666962C6194B600A2930A /* Tela01VC.swift */,
			);
			path = Tela01;
			sourceTree = "<group>";
		};
		344666982C61950700A2930A /* Tela02 */ = {
			isa = PBXGroup;
			children = (
				344666A42C61A75900A2930A /* Tela02Screen.swift */,
				344666992C61951400A2930A /* Tela02VC.swift */,
			);
			path = Tela02;
			sourceTree = "<group>";
		};
		3446669B2C61952F00A2930A /* Tela03 */ = {
			isa = PBXGroup;
			children = (
				344666A62C61A7E200A2930A /* Tela03Screen.swift */,
				3446669C2C61954300A2930A /* Tela03VC.swift */,
			);
			path = Tela03;
			sourceTree = "<group>";
		};
		3446669E2C61955500A2930A /* MainTabBarController */ = {
			isa = PBXGroup;
			children = (
				344666852C6189A800A2930A /* MainTabBarController.swift */,
			);
			path = MainTabBarController;
			sourceTree = "<group>";
		};
		3446669F2C61984E00A2930A /* Screen */ = {
			isa = PBXGroup;
			children = (
				344666A02C61985C00A2930A /* Tela01Screen.swift */,
			);
			path = Screen;
			sourceTree = "<group>";
		};
/* End PBXGroup section */

/* Begin PBXNativeTarget section */
		3446667D2C6189A800A2930A /* TabBarENotificationCenterViewCodeBootcamp */ = {
			isa = PBXNativeTarget;
			buildConfigurationList = 344666922C6189AA00A2930A /* Build configuration list for PBXNativeTarget "TabBarENotificationCenterViewCodeBootcamp" */;
			buildPhases = (
				3446667A2C6189A800A2930A /* Sources */,
				3446667B2C6189A800A2930A /* Frameworks */,
				3446667C2C6189A800A2930A /* Resources */,
			);
			buildRules = (
			);
			dependencies = (
			);
			name = TabBarENotificationCenterViewCodeBootcamp;
			productName = TabBarENotificationCenterViewCodeBootcamp;
			productReference = 3446667E2C6189A800A2930A /* TabBarENotificationCenterViewCodeBootcamp.app */;
			productType = "com.apple.product-type.application";
		};
/* End PBXNativeTarget section */

/* Begin PBXProject section */
		344666762C6189A800A2930A /* Project object */ = {
			isa = PBXProject;
			attributes = {
				BuildIndependentTargetsInParallel = 1;
				LastSwiftUpdateCheck = 1540;
				LastUpgradeCheck = 1540;
				TargetAttributes = {
					3446667D2C6189A800A2930A = {
						CreatedOnToolsVersion = 15.4;
					};
				};
			};
			buildConfigurationList = 344666792C6189A800A2930A /* Build configuration list for PBXProject "TabBarENotificationCenterViewCodeBootcamp" */;
			compatibilityVersion = "Xcode 14.0";
			developmentRegion = en;
			hasScannedForEncodings = 0;
			knownRegions = (
				en,
				Base,
			);
			mainGroup = 344666752C6189A800A2930A;
			productRefGroup = 3446667F2C6189A800A2930A /* Products */;
			projectDirPath = "";
			projectRoot = "";
			targets = (
				3446667D2C6189A800A2930A /* TabBarENotificationCenterViewCodeBootcamp */,
			);
		};
/* End PBXProject section */

/* Begin PBXResourcesBuildPhase section */
		3446667C2C6189A800A2930A /* Resources */ = {
			isa = PBXResourcesBuildPhase;
			buildActionMask = 2147483647;
			files = (
				3446668B2C6189AA00A2930A /* Assets.xcassets in Resources */,
				3446668E2C6189AA00A2930A /* Base in Resources */,
			);
			runOnlyForDeploymentPostprocessing = 0;
		};
/* End PBXResourcesBuildPhase section */

/* Begin PBXSourcesBuildPhase section */
		3446667A2C6189A800A2930A /* Sources */ = {
			isa = PBXSourcesBuildPhase;
			buildActionMask = 2147483647;
			files = (
				344666A12C61985C00A2930A /* Tela01Screen.swift in Sources */,
				344666862C6189A800A2930A /* MainTabBarController.swift in Sources */,
				344666972C6194B600A2930A /* Tela01VC.swift in Sources */,
				3446669A2C61951400A2930A /* Tela02VC.swift in Sources */,
				344666A52C61A75900A2930A /* Tela02Screen.swift in Sources */,
				3446669D2C61954300A2930A /* Tela03VC.swift in Sources */,
				344666822C6189A800A2930A /* AppDelegate.swift in Sources */,
				344666842C6189A800A2930A /* SceneDelegate.swift in Sources */,
				344666A72C61A7E200A2930A /* Tela03Screen.swift in Sources */,
			);
			runOnlyForDeploymentPostprocessing = 0;
		};
/* End PBXSourcesBuildPhase section */

/* Begin PBXVariantGroup section */
		3446668C2C6189AA00A2930A /* LaunchScreen.storyboard */ = {
			isa = PBXVariantGroup;
			children = (
				3446668D2C6189AA00A2930A /* Base */,
			);
			name = LaunchScreen.storyboard;
			sourceTree = "<group>";
		};
/* End PBXVariantGroup section */

/* Begin XCBuildConfiguration section */
		344666902C6189AA00A2930A /* Debug */ = {
			isa = XCBuildConfiguration;
			buildSettings = {
				ALWAYS_SEARCH_USER_PATHS = NO;
				ASSETCATALOG_COMPILER_GENERATE_SWIFT_ASSET_SYMBOL_EXTENSIONS = YES;
				CLANG_ANALYZER_NONNULL = YES;
				CLANG_ANALYZER_NUMBER_OBJECT_CONVERSION = YES_AGGRESSIVE;
				CLANG_CXX_LANGUAGE_STANDARD = "gnu++20";
				CLANG_ENABLE_MODULES = YES;
				CLANG_ENABLE_OBJC_ARC = YES;
				CLANG_ENABLE_OBJC_WEAK = YES;
				CLANG_WARN_BLOCK_CAPTURE_AUTORELEASING = YES;
				CLANG_WARN_BOOL_CONVERSION = YES;
				CLANG_WARN_COMMA = YES;
				CLANG_WARN_CONSTANT_CONVERSION = YES;
				CLANG_WARN_DEPRECATED_OBJC_IMPLEMENTATIONS = YES;
				CLANG_WARN_DIRECT_OBJC_ISA_USAGE = YES_ERROR;
				CLANG_WARN_DOCUMENTATION_COMMENTS = YES;
				CLANG_WARN_EMPTY_BODY = YES;
				CLANG_WARN_ENUM_CONVERSION = YES;
				CLANG_WARN_INFINITE_RECURSION = YES;
				CLANG_WARN_INT_CONVERSION = YES;
				CLANG_WARN_NON_LITERAL_NULL_CONVERSION = YES;
				CLANG_WARN_OBJC_IMPLICIT_RETAIN_SELF = YES;
				CLANG_WARN_OBJC_LITERAL_CONVERSION = YES;
				CLANG_WARN_OBJC_ROOT_CLASS = YES_ERROR;
				CLANG_WARN_QUOTED_INCLUDE_IN_FRAMEWORK_HEADER = YES;
				CLANG_WARN_RANGE_LOOP_ANALYSIS = YES;
				CLANG_WARN_STRICT_PROTOTYPES = YES;
				CLANG_WARN_SUSPICIOUS_MOVE = YES;
				CLANG_WARN_UNGUARDED_AVAILABILITY = YES_AGGRESSIVE;
				CLANG_WARN_UNREACHABLE_CODE = YES;
				CLANG_WARN__DUPLICATE_METHOD_MATCH = YES;
				COPY_PHASE_STRIP = NO;
				DEBUG_INFORMATION_FORMAT = dwarf;
				ENABLE_STRICT_OBJC_MSGSEND = YES;
				ENABLE_TESTABILITY = YES;
				ENABLE_USER_SCRIPT_SANDBOXING = YES;
				GCC_C_LANGUAGE_STANDARD = gnu17;
				GCC_DYNAMIC_NO_PIC = NO;
				GCC_NO_COMMON_BLOCKS = YES;
				GCC_OPTIMIZATION_LEVEL = 0;
				GCC_PREPROCESSOR_DEFINITIONS = (
					"DEBUG=1",
					"$(inherited)",
				);
				GCC_WARN_64_TO_32_BIT_CONVERSION = YES;
				GCC_WARN_ABOUT_RETURN_TYPE = YES_ERROR;
				GCC_WARN_UNDECLARED_SELECTOR = YES;
				GCC_WARN_UNINITIALIZED_AUTOS = YES_AGGRESSIVE;
				GCC_WARN_UNUSED_FUNCTION = YES;
				GCC_WARN_UNUSED_VARIABLE = YES;
				IPHONEOS_DEPLOYMENT_TARGET = 17.5;
				LOCALIZATION_PREFERS_STRING_CATALOGS = YES;
				MTL_ENABLE_DEBUG_INFO = INCLUDE_SOURCE;
				MTL_FAST_MATH = YES;
				ONLY_ACTIVE_ARCH = YES;
				SDKROOT = iphoneos;
				SWIFT_ACTIVE_COMPILATION_CONDITIONS = "DEBUG $(inherited)";
				SWIFT_OPTIMIZATION_LEVEL = "-Onone";
			};
			name = Debug;
		};
		344666912C6189AA00A2930A /* Release */ = {
			isa = XCBuildConfiguration;
			buildSettings = {
				ALWAYS_SEARCH_USER_PATHS = NO;
				ASSETCATALOG_COMPILER_GENERATE_SWIFT_ASSET_SYMBOL_EXTENSIONS = YES;
				CLANG_ANALYZER_NONNULL = YES;
				CLANG_ANALYZER_NUMBER_OBJECT_CONVERSION = YES_AGGRESSIVE;
				CLANG_CXX_LANGUAGE_STANDARD = "gnu++20";
				CLANG_ENABLE_MODULES = YES;
				CLANG_ENABLE_OBJC_ARC = YES;
				CLANG_ENABLE_OBJC_WEAK = YES;
				CLANG_WARN_BLOCK_CAPTURE_AUTORELEASING = YES;
				CLANG_WARN_BOOL_CONVERSION = YES;
				CLANG_WARN_COMMA = YES;
				CLANG_WARN_CONSTANT_CONVERSION = YES;
				CLANG_WARN_DEPRECATED_OBJC_IMPLEMENTATIONS = YES;
				CLANG_WARN_DIRECT_OBJC_ISA_USAGE = YES_ERROR;
				CLANG_WARN_DOCUMENTATION_COMMENTS = YES;
				CLANG_WARN_EMPTY_BODY = YES;
				CLANG_WARN_ENUM_CONVERSION = YES;
				CLANG_WARN_INFINITE_RECURSION = YES;
				CLANG_WARN_INT_CONVERSION = YES;
				CLANG_WARN_NON_LITERAL_NULL_CONVERSION = YES;
				CLANG_WARN_OBJC_IMPLICIT_RETAIN_SELF = YES;
				CLANG_WARN_OBJC_LITERAL_CONVERSION = YES;
				CLANG_WARN_OBJC_ROOT_CLASS = YES_ERROR;
				CLANG_WARN_QUOTED_INCLUDE_IN_FRAMEWORK_HEADER = YES;
				CLANG_WARN_RANGE_LOOP_ANALYSIS = YES;
				CLANG_WARN_STRICT_PROTOTYPES = YES;
				CLANG_WARN_SUSPICIOUS_MOVE = YES;
				CLANG_WARN_UNGUARDED_AVAILABILITY = YES_AGGRESSIVE;
				CLANG_WARN_UNREACHABLE_CODE = YES;
				CLANG_WARN__DUPLICATE_METHOD_MATCH = YES;
				COPY_PHASE_STRIP = NO;
				DEBUG_INFORMATION_FORMAT = "dwarf-with-dsym";
				ENABLE_NS_ASSERTIONS = NO;
				ENABLE_STRICT_OBJC_MSGSEND = YES;
				ENABLE_USER_SCRIPT_SANDBOXING = YES;
				GCC_C_LANGUAGE_STANDARD = gnu17;
				GCC_NO_COMMON_BLOCKS = YES;
				GCC_WARN_64_TO_32_BIT_CONVERSION = YES;
				GCC_WARN_ABOUT_RETURN_TYPE = YES_ERROR;
				GCC_WARN_UNDECLARED_SELECTOR = YES;
				GCC_WARN_UNINITIALIZED_AUTOS = YES_AGGRESSIVE;
				GCC_WARN_UNUSED_FUNCTION = YES;
				GCC_WARN_UNUSED_VARIABLE = YES;
				IPHONEOS_DEPLOYMENT_TARGET = 17.5;
				LOCALIZATION_PREFERS_STRING_CATALOGS = YES;
				MTL_ENABLE_DEBUG_INFO = NO;
				MTL_FAST_MATH = YES;
				SDKROOT = iphoneos;
				SWIFT_COMPILATION_MODE = wholemodule;
				VALIDATE_PRODUCT = YES;
			};
			name = Release;
		};
		344666932C6189AA00A2930A /* Debug */ = {
			isa = XCBuildConfiguration;
			buildSettings = {
				ASSETCATALOG_COMPILER_APPICON_NAME = AppIcon;
				ASSETCATALOG_COMPILER_GLOBAL_ACCENT_COLOR_NAME = AccentColor;
				CODE_SIGN_STYLE = Automatic;
				CURRENT_PROJECT_VERSION = 1;
				GENERATE_INFOPLIST_FILE = YES;
				INFOPLIST_FILE = TabBarENotificationCenterViewCodeBootcamp/Info.plist;
				INFOPLIST_KEY_UIApplicationSupportsIndirectInputEvents = YES;
				INFOPLIST_KEY_UILaunchStoryboardName = LaunchScreen;
				INFOPLIST_KEY_UIMainStoryboardFile = "";
				INFOPLIST_KEY_UISupportedInterfaceOrientations_iPad = "UIInterfaceOrientationPortrait UIInterfaceOrientationPortraitUpsideDown UIInterfaceOrientationLandscapeLeft UIInterfaceOrientationLandscapeRight";
				INFOPLIST_KEY_UISupportedInterfaceOrientations_iPhone = "UIInterfaceOrientationPortrait UIInterfaceOrientationLandscapeLeft UIInterfaceOrientationLandscapeRight";
				LD_RUNPATH_SEARCH_PATHS = (
					"$(inherited)",
					"@executable_path/Frameworks",
				);
				MARKETING_VERSION = 1.0;
				PRODUCT_BUNDLE_IDENTIFIER = bootcampIOS.TabBarENotificationCenterViewCodeBootcamp;
				PRODUCT_NAME = "$(TARGET_NAME)";
				SWIFT_EMIT_LOC_STRINGS = YES;
				SWIFT_VERSION = 5.0;
				TARGETED_DEVICE_FAMILY = "1,2";
			};
			name = Debug;
		};
		344666942C6189AA00A2930A /* Release */ = {
			isa = XCBuildConfiguration;
			buildSettings = {
				ASSETCATALOG_COMPILER_APPICON_NAME = AppIcon;
				ASSETCATALOG_COMPILER_GLOBAL_ACCENT_COLOR_NAME = AccentColor;
				CODE_SIGN_STYLE = Automatic;
				CURRENT_PROJECT_VERSION = 1;
				GENERATE_INFOPLIST_FILE = YES;
				INFOPLIST_FILE = TabBarENotificationCenterViewCodeBootcamp/Info.plist;
				INFOPLIST_KEY_UIApplicationSupportsIndirectInputEvents = YES;
				INFOPLIST_KEY_UILaunchStoryboardName = LaunchScreen;
				INFOPLIST_KEY_UIMainStoryboardFile = "";
				INFOPLIST_KEY_UISupportedInterfaceOrientations_iPad = "UIInterfaceOrientationPortrait UIInterfaceOrientationPortraitUpsideDown UIInterfaceOrientationLandscapeLeft UIInterfaceOrientationLandscapeRight";
				INFOPLIST_KEY_UISupportedInterfaceOrientations_iPhone = "UIInterfaceOrientationPortrait UIInterfaceOrientationLandscapeLeft UIInterfaceOrientationLandscapeRight";
				LD_RUNPATH_SEARCH_PATHS = (
					"$(inherited)",
					"@executable_path/Frameworks",
				);
				MARKETING_VERSION = 1.0;
				PRODUCT_BUNDLE_IDENTIFIER = bootcampIOS.TabBarENotificationCenterViewCodeBootcamp;
				PRODUCT_NAME = "$(TARGET_NAME)";
				SWIFT_EMIT_LOC_STRINGS = YES;
				SWIFT_VERSION = 5.0;
				TARGETED_DEVICE_FAMILY = "1,2";
			};
			name = Release;
		};
/* End XCBuildConfiguration section */

/* Begin XCConfigurationList section */
		344666792C6189A800A2930A /* Build configuration list for PBXProject "TabBarENotificationCenterViewCodeBootcamp" */ = {
			isa = XCConfigurationList;
			buildConfigurations = (
				344666902C6189AA00A2930A /* Debug */,
				344666912C6189AA00A2930A /* Release */,
			);
			defaultConfigurationIsVisible = 0;
			defaultConfigurationName = Release;
		};
		344666922C6189AA00A2930A /* Build configuration list for PBXNativeTarget "TabBarENotificationCenterViewCodeBootcamp" */ = {
			isa = XCConfigurationList;
			buildConfigurations = (
				344666932C6189AA00A2930A /* Debug */,
				344666942C6189AA00A2930A /* Release */,
			);
			defaultConfigurationIsVisible = 0;
			defaultConfigurationName = Release;
		};
/* End XCConfigurationList section */
	};
	rootObject = 344666762C6189A800A2930A /* Project object */;
}
