// !$*UTF8*$!
{
	archiveVersion = 1;
	classes = {
	};
	objectVersion = 56;
	objects = {

/* Begin PBXBuildFile section */
		03B2FAFF2C94FB2800A9DA06 /* Service.swift in Sources */ = {isa = PBXBuildFile; fileRef = 03B2FAFE2C94FB2800A9DA06 /* Service.swift */; };
		03B2FB012C94FB8F00A9DA06 /* UpdateUserRequest.swift in Sources */ = {isa = PBXBuildFile; fileRef = 03B2FB002C94FB8F00A9DA06 /* UpdateUserRequest.swift */; };
		03B2FB032C94FBA100A9DA06 /* UserUpdateResponse.swift in Sources */ = {isa = PBXBuildFile; fileRef = 03B2FB022C94FBA100A9DA06 /* UserUpdateResponse.swift */; };
		03B2FB052C94FBBA00A9DA06 /* UserCreateResponse.swift in Sources */ = {isa = PBXBuildFile; fileRef = 03B2FB042C94FBBA00A9DA06 /* UserCreateResponse.swift */; };
		03B2FB072C94FBCB00A9DA06 /* UserDetail.swift in Sources */ = {isa = PBXBuildFile; fileRef = 03B2FB062C94FBCB00A9DA06 /* UserDetail.swift */; };
		03B2FB092C94FBDB00A9DA06 /* UserListDetail.swift in Sources */ = {isa = PBXBuildFile; fileRef = 03B2FB082C94FBDB00A9DA06 /* UserListDetail.swift */; };
		3480C85A2C9256F500462E4C /* AppDelegate.swift in Sources */ = {isa = PBXBuildFile; fileRef = 3480C8592C9256F500462E4C /* AppDelegate.swift */; };
		3480C85C2C9256F500462E4C /* SceneDelegate.swift in Sources */ = {isa = PBXBuildFile; fileRef = 3480C85B2C9256F500462E4C /* SceneDelegate.swift */; };
		3480C85E2C9256F500462E4C /* ViewController.swift in Sources */ = {isa = PBXBuildFile; fileRef = 3480C85D2C9256F500462E4C /* ViewController.swift */; };
		3480C8612C9256F500462E4C /* Base in Resources */ = {isa = PBXBuildFile; fileRef = 3480C8602C9256F500462E4C /* Base */; };
		3480C8632C9256F700462E4C /* Assets.xcassets in Resources */ = {isa = PBXBuildFile; fileRef = 3480C8622C9256F700462E4C /* Assets.xcassets */; };
		3480C8662C9256F700462E4C /* Base in Resources */ = {isa = PBXBuildFile; fileRef = 3480C8652C9256F700462E4C /* Base */; };
/* End PBXBuildFile section */

/* Begin PBXFileReference section */
		03B2FAFE2C94FB2800A9DA06 /* Service.swift */ = {isa = PBXFileReference; lastKnownFileType = sourcecode.swift; path = Service.swift; sourceTree = "<group>"; };
		03B2FB002C94FB8F00A9DA06 /* UpdateUserRequest.swift */ = {isa = PBXFileReference; lastKnownFileType = sourcecode.swift; path = UpdateUserRequest.swift; sourceTree = "<group>"; };
		03B2FB022C94FBA100A9DA06 /* UserUpdateResponse.swift */ = {isa = PBXFileReference; lastKnownFileType = sourcecode.swift; path = UserUpdateResponse.swift; sourceTree = "<group>"; };
		03B2FB042C94FBBA00A9DA06 /* UserCreateResponse.swift */ = {isa = PBXFileReference; lastKnownFileType = sourcecode.swift; path = UserCreateResponse.swift; sourceTree = "<group>"; };
		03B2FB062C94FBCB00A9DA06 /* UserDetail.swift */ = {isa = PBXFileReference; lastKnownFileType = sourcecode.swift; path = UserDetail.swift; sourceTree = "<group>"; };
		03B2FB082C94FBDB00A9DA06 /* UserListDetail.swift */ = {isa = PBXFileReference; lastKnownFileType = sourcecode.swift; path = UserListDetail.swift; sourceTree = "<group>"; };
		3480C8562C9256F500462E4C /* TudoSobreCamadaDeNetwork.app */ = {isa = PBXFileReference; explicitFileType = wrapper.application; includeInIndex = 0; path = TudoSobreCamadaDeNetwork.app; sourceTree = BUILT_PRODUCTS_DIR; };
		3480C8592C9256F500462E4C /* AppDelegate.swift */ = {isa = PBXFileReference; lastKnownFileType = sourcecode.swift; path = AppDelegate.swift; sourceTree = "<group>"; };
		3480C85B2C9256F500462E4C /* SceneDelegate.swift */ = {isa = PBXFileReference; lastKnownFileType = sourcecode.swift; path = SceneDelegate.swift; sourceTree = "<group>"; };
		3480C85D2C9256F500462E4C /* ViewController.swift */ = {isa = PBXFileReference; lastKnownFileType = sourcecode.swift; path = ViewController.swift; sourceTree = "<group>"; };
		3480C8602C9256F500462E4C /* Base */ = {isa = PBXFileReference; lastKnownFileType = file.storyboard; name = Base; path = Base.lproj/Main.storyboard; sourceTree = "<group>"; };
		3480C8622C9256F700462E4C /* Assets.xcassets */ = {isa = PBXFileReference; lastKnownFileType = folder.assetcatalog; path = Assets.xcassets; sourceTree = "<group>"; };
		3480C8652C9256F700462E4C /* Base */ = {isa = PBXFileReference; lastKnownFileType = file.storyboard; name = Base; path = Base.lproj/LaunchScreen.storyboard; sourceTree = "<group>"; };
		3480C8672C9256F700462E4C /* Info.plist */ = {isa = PBXFileReference; lastKnownFileType = text.plist.xml; path = Info.plist; sourceTree = "<group>"; };
/* End PBXFileReference section */

/* Begin PBXFrameworksBuildPhase section */
		3480C8532C9256F500462E4C /* Frameworks */ = {
			isa = PBXFrameworksBuildPhase;
			buildActionMask = 2147483647;
			files = (
			);
			runOnlyForDeploymentPostprocessing = 0;
		};
/* End PBXFrameworksBuildPhase section */

/* Begin PBXGroup section */
		03B2FAFA2C94FADC00A9DA06 /* Service */ = {
			isa = PBXGroup;
			children = (
				03B2FAFE2C94FB2800A9DA06 /* Service.swift */,
			);
			path = Service;
			sourceTree = "<group>";
		};
		03B2FAFB2C94FAE600A9DA06 /* Model */ = {
			isa = PBXGroup;
			children = (
				03B2FB082C94FBDB00A9DA06 /* UserListDetail.swift */,
				03B2FB062C94FBCB00A9DA06 /* UserDetail.swift */,
				03B2FB042C94FBBA00A9DA06 /* UserCreateResponse.swift */,
				03B2FB022C94FBA100A9DA06 /* UserUpdateResponse.swift */,
				03B2FB002C94FB8F00A9DA06 /* UpdateUserRequest.swift */,
			);
			path = Model;
			sourceTree = "<group>";
		};
		3480C84D2C9256F500462E4C = {
			isa = PBXGroup;
			children = (
				3480C8582C9256F500462E4C /* TudoSobreCamadaDeNetwork */,
				3480C8572C9256F500462E4C /* Products */,
			);
			sourceTree = "<group>";
		};
		3480C8572C9256F500462E4C /* Products */ = {
			isa = PBXGroup;
			children = (
				3480C8562C9256F500462E4C /* TudoSobreCamadaDeNetwork.app */,
			);
			name = Products;
			sourceTree = "<group>";
		};
		3480C8582C9256F500462E4C /* TudoSobreCamadaDeNetwork */ = {
			isa = PBXGroup;
			children = (
				03B2FAFB2C94FAE600A9DA06 /* Model */,
				03B2FAFA2C94FADC00A9DA06 /* Service */,
				3480C8592C9256F500462E4C /* AppDelegate.swift */,
				3480C85B2C9256F500462E4C /* SceneDelegate.swift */,
				3480C85D2C9256F500462E4C /* ViewController.swift */,
				3480C85F2C9256F500462E4C /* Main.storyboard */,
				3480C8622C9256F700462E4C /* Assets.xcassets */,
				3480C8642C9256F700462E4C /* LaunchScreen.storyboard */,
				3480C8672C9256F700462E4C /* Info.plist */,
			);
			path = TudoSobreCamadaDeNetwork;
			sourceTree = "<group>";
		};
/* End PBXGroup section */

/* Begin PBXNativeTarget section */
		3480C8552C9256F500462E4C /* TudoSobreCamadaDeNetwork */ = {
			isa = PBXNativeTarget;
			buildConfigurationList = 3480C86A2C9256F700462E4C /* Build configuration list for PBXNativeTarget "TudoSobreCamadaDeNetwork" */;
			buildPhases = (
				3480C8522C9256F500462E4C /* Sources */,
				3480C8532C9256F500462E4C /* Frameworks */,
				3480C8542C9256F500462E4C /* Resources */,
			);
			buildRules = (
			);
			dependencies = (
			);
			name = TudoSobreCamadaDeNetwork;
			productName = TudoSobreCamadaDeNetwork;
			productReference = 3480C8562C9256F500462E4C /* TudoSobreCamadaDeNetwork.app */;
			productType = "com.apple.product-type.application";
		};
/* End PBXNativeTarget section */

/* Begin PBXProject section */
		3480C84E2C9256F500462E4C /* Project object */ = {
			isa = PBXProject;
			attributes = {
				BuildIndependentTargetsInParallel = 1;
				LastSwiftUpdateCheck = 1540;
				LastUpgradeCheck = 1540;
				TargetAttributes = {
					3480C8552C9256F500462E4C = {
						CreatedOnToolsVersion = 15.4;
					};
				};
			};
			buildConfigurationList = 3480C8512C9256F500462E4C /* Build configuration list for PBXProject "TudoSobreCamadaDeNetwork" */;
			compatibilityVersion = "Xcode 14.0";
			developmentRegion = en;
			hasScannedForEncodings = 0;
			knownRegions = (
				en,
				Base,
			);
			mainGroup = 3480C84D2C9256F500462E4C;
			productRefGroup = 3480C8572C9256F500462E4C /* Products */;
			projectDirPath = "";
			projectRoot = "";
			targets = (
				3480C8552C9256F500462E4C /* TudoSobreCamadaDeNetwork */,
			);
		};
/* End PBXProject section */

/* Begin PBXResourcesBuildPhase section */
		3480C8542C9256F500462E4C /* Resources */ = {
			isa = PBXResourcesBuildPhase;
			buildActionMask = 2147483647;
			files = (
				3480C8632C9256F700462E4C /* Assets.xcassets in Resources */,
				3480C8662C9256F700462E4C /* Base in Resources */,
				3480C8612C9256F500462E4C /* Base in Resources */,
			);
			runOnlyForDeploymentPostprocessing = 0;
		};
/* End PBXResourcesBuildPhase section */

/* Begin PBXSourcesBuildPhase section */
		3480C8522C9256F500462E4C /* Sources */ = {
			isa = PBXSourcesBuildPhase;
			buildActionMask = 2147483647;
			files = (
				3480C85E2C9256F500462E4C /* ViewController.swift in Sources */,
				03B2FAFF2C94FB2800A9DA06 /* Service.swift in Sources */,
				03B2FB052C94FBBA00A9DA06 /* UserCreateResponse.swift in Sources */,
				03B2FB032C94FBA100A9DA06 /* UserUpdateResponse.swift in Sources */,
				03B2FB092C94FBDB00A9DA06 /* UserListDetail.swift in Sources */,
				3480C85A2C9256F500462E4C /* AppDelegate.swift in Sources */,
				03B2FB072C94FBCB00A9DA06 /* UserDetail.swift in Sources */,
				03B2FB012C94FB8F00A9DA06 /* UpdateUserRequest.swift in Sources */,
				3480C85C2C9256F500462E4C /* SceneDelegate.swift in Sources */,
			);
			runOnlyForDeploymentPostprocessing = 0;
		};
/* End PBXSourcesBuildPhase section */

/* Begin PBXVariantGroup section */
		3480C85F2C9256F500462E4C /* Main.storyboard */ = {
			isa = PBXVariantGroup;
			children = (
				3480C8602C9256F500462E4C /* Base */,
			);
			name = Main.storyboard;
			sourceTree = "<group>";
		};
		3480C8642C9256F700462E4C /* LaunchScreen.storyboard */ = {
			isa = PBXVariantGroup;
			children = (
				3480C8652C9256F700462E4C /* Base */,
			);
			name = LaunchScreen.storyboard;
			sourceTree = "<group>";
		};
/* End PBXVariantGroup section */

/* Begin XCBuildConfiguration section */
		3480C8682C9256F700462E4C /* Debug */ = {
			isa = XCBuildConfiguration;
			buildSettings = {
				ALWAYS_SEARCH_USER_PATHS = NO;
				ASSETCATALOG_COMPILER_GENERATE_SWIFT_ASSET_SYMBOL_EXTENSIONS = YES;
				CLANG_ANALYZER_NONNULL = YES;
				CLANG_ANALYZER_NUMBER_OBJECT_CONVERSION = YES_AGGRESSIVE;
				CLANG_CXX_LANGUAGE_STANDARD = "gnu++20";
				CLANG_ENABLE_MODULES = YES;
				CLANG_ENABLE_OBJC_ARC = YES;
				CLANG_ENABLE_OBJC_WEAK = YES;
				CLANG_WARN_BLOCK_CAPTURE_AUTORELEASING = YES;
				CLANG_WARN_BOOL_CONVERSION = YES;
				CLANG_WARN_COMMA = YES;
				CLANG_WARN_CONSTANT_CONVERSION = YES;
				CLANG_WARN_DEPRECATED_OBJC_IMPLEMENTATIONS = YES;
				CLANG_WARN_DIRECT_OBJC_ISA_USAGE = YES_ERROR;
				CLANG_WARN_DOCUMENTATION_COMMENTS = YES;
				CLANG_WARN_EMPTY_BODY = YES;
				CLANG_WARN_ENUM_CONVERSION = YES;
				CLANG_WARN_INFINITE_RECURSION = YES;
				CLANG_WARN_INT_CONVERSION = YES;
				CLANG_WARN_NON_LITERAL_NULL_CONVERSION = YES;
				CLANG_WARN_OBJC_IMPLICIT_RETAIN_SELF = YES;
				CLANG_WARN_OBJC_LITERAL_CONVERSION = YES;
				CLANG_WARN_OBJC_ROOT_CLASS = YES_ERROR;
				CLANG_WARN_QUOTED_INCLUDE_IN_FRAMEWORK_HEADER = YES;
				CLANG_WARN_RANGE_LOOP_ANALYSIS = YES;
				CLANG_WARN_STRICT_PROTOTYPES = YES;
				CLANG_WARN_SUSPICIOUS_MOVE = YES;
				CLANG_WARN_UNGUARDED_AVAILABILITY = YES_AGGRESSIVE;
				CLANG_WARN_UNREACHABLE_CODE = YES;
				CLANG_WARN__DUPLICATE_METHOD_MATCH = YES;
				COPY_PHASE_STRIP = NO;
				DEBUG_INFORMATION_FORMAT = dwarf;
				ENABLE_STRICT_OBJC_MSGSEND = YES;
				ENABLE_TESTABILITY = YES;
				ENABLE_USER_SCRIPT_SANDBOXING = YES;
				GCC_C_LANGUAGE_STANDARD = gnu17;
				GCC_DYNAMIC_NO_PIC = NO;
				GCC_NO_COMMON_BLOCKS = YES;
				GCC_OPTIMIZATION_LEVEL = 0;
				GCC_PREPROCESSOR_DEFINITIONS = (
					"DEBUG=1",
					"$(inherited)",
				);
				GCC_WARN_64_TO_32_BIT_CONVERSION = YES;
				GCC_WARN_ABOUT_RETURN_TYPE = YES_ERROR;
				GCC_WARN_UNDECLARED_SELECTOR = YES;
				GCC_WARN_UNINITIALIZED_AUTOS = YES_AGGRESSIVE;
				GCC_WARN_UNUSED_FUNCTION = YES;
				GCC_WARN_UNUSED_VARIABLE = YES;
				IPHONEOS_DEPLOYMENT_TARGET = 17.5;
				LOCALIZATION_PREFERS_STRING_CATALOGS = YES;
				MTL_ENABLE_DEBUG_INFO = INCLUDE_SOURCE;
				MTL_FAST_MATH = YES;
				ONLY_ACTIVE_ARCH = YES;
				SDKROOT = iphoneos;
				SWIFT_ACTIVE_COMPILATION_CONDITIONS = "DEBUG $(inherited)";
				SWIFT_OPTIMIZATION_LEVEL = "-Onone";
			};
			name = Debug;
		};
		3480C8692C9256F700462E4C /* Release */ = {
			isa = XCBuildConfiguration;
			buildSettings = {
				ALWAYS_SEARCH_USER_PATHS = NO;
				ASSETCATALOG_COMPILER_GENERATE_SWIFT_ASSET_SYMBOL_EXTENSIONS = YES;
				CLANG_ANALYZER_NONNULL = YES;
				CLANG_ANALYZER_NUMBER_OBJECT_CONVERSION = YES_AGGRESSIVE;
				CLANG_CXX_LANGUAGE_STANDARD = "gnu++20";
				CLANG_ENABLE_MODULES = YES;
				CLANG_ENABLE_OBJC_ARC = YES;
				CLANG_ENABLE_OBJC_WEAK = YES;
				CLANG_WARN_BLOCK_CAPTURE_AUTORELEASING = YES;
				CLANG_WARN_BOOL_CONVERSION = YES;
				CLANG_WARN_COMMA = YES;
				CLANG_WARN_CONSTANT_CONVERSION = YES;
				CLANG_WARN_DEPRECATED_OBJC_IMPLEMENTATIONS = YES;
				CLANG_WARN_DIRECT_OBJC_ISA_USAGE = YES_ERROR;
				CLANG_WARN_DOCUMENTATION_COMMENTS = YES;
				CLANG_WARN_EMPTY_BODY = YES;
				CLANG_WARN_ENUM_CONVERSION = YES;
				CLANG_WARN_INFINITE_RECURSION = YES;
				CLANG_WARN_INT_CONVERSION = YES;
				CLANG_WARN_NON_LITERAL_NULL_CONVERSION = YES;
				CLANG_WARN_OBJC_IMPLICIT_RETAIN_SELF = YES;
				CLANG_WARN_OBJC_LITERAL_CONVERSION = YES;
				CLANG_WARN_OBJC_ROOT_CLASS = YES_ERROR;
				CLANG_WARN_QUOTED_INCLUDE_IN_FRAMEWORK_HEADER = YES;
				CLANG_WARN_RANGE_LOOP_ANALYSIS = YES;
				CLANG_WARN_STRICT_PROTOTYPES = YES;
				CLANG_WARN_SUSPICIOUS_MOVE = YES;
				CLANG_WARN_UNGUARDED_AVAILABILITY = YES_AGGRESSIVE;
				CLANG_WARN_UNREACHABLE_CODE = YES;
				CLANG_WARN__DUPLICATE_METHOD_MATCH = YES;
				COPY_PHASE_STRIP = NO;
				DEBUG_INFORMATION_FORMAT = "dwarf-with-dsym";
				ENABLE_NS_ASSERTIONS = NO;
				ENABLE_STRICT_OBJC_MSGSEND = YES;
				ENABLE_USER_SCRIPT_SANDBOXING = YES;
				GCC_C_LANGUAGE_STANDARD = gnu17;
				GCC_NO_COMMON_BLOCKS = YES;
				GCC_WARN_64_TO_32_BIT_CONVERSION = YES;
				GCC_WARN_ABOUT_RETURN_TYPE = YES_ERROR;
				GCC_WARN_UNDECLARED_SELECTOR = YES;
				GCC_WARN_UNINITIALIZED_AUTOS = YES_AGGRESSIVE;
				GCC_WARN_UNUSED_FUNCTION = YES;
				GCC_WARN_UNUSED_VARIABLE = YES;
				IPHONEOS_DEPLOYMENT_TARGET = 17.5;
				LOCALIZATION_PREFERS_STRING_CATALOGS = YES;
				MTL_ENABLE_DEBUG_INFO = NO;
				MTL_FAST_MATH = YES;
				SDKROOT = iphoneos;
				SWIFT_COMPILATION_MODE = wholemodule;
				VALIDATE_PRODUCT = YES;
			};
			name = Release;
		};
		3480C86B2C9256F700462E4C /* Debug */ = {
			isa = XCBuildConfiguration;
			buildSettings = {
				ASSETCATALOG_COMPILER_APPICON_NAME = AppIcon;
				ASSETCATALOG_COMPILER_GLOBAL_ACCENT_COLOR_NAME = AccentColor;
				CODE_SIGN_STYLE = Automatic;
				CURRENT_PROJECT_VERSION = 1;
				GENERATE_INFOPLIST_FILE = YES;
				INFOPLIST_FILE = TudoSobreCamadaDeNetwork/Info.plist;
				INFOPLIST_KEY_UIApplicationSupportsIndirectInputEvents = YES;
				INFOPLIST_KEY_UILaunchStoryboardName = LaunchScreen;
				INFOPLIST_KEY_UIMainStoryboardFile = Main;
				INFOPLIST_KEY_UISupportedInterfaceOrientations_iPad = "UIInterfaceOrientationPortrait UIInterfaceOrientationPortraitUpsideDown UIInterfaceOrientationLandscapeLeft UIInterfaceOrientationLandscapeRight";
				INFOPLIST_KEY_UISupportedInterfaceOrientations_iPhone = "UIInterfaceOrientationPortrait UIInterfaceOrientationLandscapeLeft UIInterfaceOrientationLandscapeRight";
				LD_RUNPATH_SEARCH_PATHS = (
					"$(inherited)",
					"@executable_path/Frameworks",
				);
				MARKETING_VERSION = 1.0;
				PRODUCT_BUNDLE_IDENTIFIER = azura.technology.TudoSobreCamadaDeNetwork;
				PRODUCT_NAME = "$(TARGET_NAME)";
				SWIFT_EMIT_LOC_STRINGS = YES;
				SWIFT_VERSION = 5.0;
				TARGETED_DEVICE_FAMILY = "1,2";
			};
			name = Debug;
		};
		3480C86C2C9256F700462E4C /* Release */ = {
			isa = XCBuildConfiguration;
			buildSettings = {
				ASSETCATALOG_COMPILER_APPICON_NAME = AppIcon;
				ASSETCATALOG_COMPILER_GLOBAL_ACCENT_COLOR_NAME = AccentColor;
				CODE_SIGN_STYLE = Automatic;
				CURRENT_PROJECT_VERSION = 1;
				GENERATE_INFOPLIST_FILE = YES;
				INFOPLIST_FILE = TudoSobreCamadaDeNetwork/Info.plist;
				INFOPLIST_KEY_UIApplicationSupportsIndirectInputEvents = YES;
				INFOPLIST_KEY_UILaunchStoryboardName = LaunchScreen;
				INFOPLIST_KEY_UIMainStoryboardFile = Main;
				INFOPLIST_KEY_UISupportedInterfaceOrientations_iPad = "UIInterfaceOrientationPortrait UIInterfaceOrientationPortraitUpsideDown UIInterfaceOrientationLandscapeLeft UIInterfaceOrientationLandscapeRight";
				INFOPLIST_KEY_UISupportedInterfaceOrientations_iPhone = "UIInterfaceOrientationPortrait UIInterfaceOrientationLandscapeLeft UIInterfaceOrientationLandscapeRight";
				LD_RUNPATH_SEARCH_PATHS = (
					"$(inherited)",
					"@executable_path/Frameworks",
				);
				MARKETING_VERSION = 1.0;
				PRODUCT_BUNDLE_IDENTIFIER = azura.technology.TudoSobreCamadaDeNetwork;
				PRODUCT_NAME = "$(TARGET_NAME)";
				SWIFT_EMIT_LOC_STRINGS = YES;
				SWIFT_VERSION = 5.0;
				TARGETED_DEVICE_FAMILY = "1,2";
			};
			name = Release;
		};
/* End XCBuildConfiguration section */

/* Begin XCConfigurationList section */
		3480C8512C9256F500462E4C /* Build configuration list for PBXProject "TudoSobreCamadaDeNetwork" */ = {
			isa = XCConfigurationList;
			buildConfigurations = (
				3480C8682C9256F700462E4C /* Debug */,
				3480C8692C9256F700462E4C /* Release */,
			);
			defaultConfigurationIsVisible = 0;
			defaultConfigurationName = Release;
		};
		3480C86A2C9256F700462E4C /* Build configuration list for PBXNativeTarget "TudoSobreCamadaDeNetwork" */ = {
			isa = XCConfigurationList;
			buildConfigurations = (
				3480C86B2C9256F700462E4C /* Debug */,
				3480C86C2C9256F700462E4C /* Release */,
			);
			defaultConfigurationIsVisible = 0;
			defaultConfigurationName = Release;
		};
/* End XCConfigurationList section */
	};
	rootObject = 3480C84E2C9256F500462E4C /* Project object */;
}
